// !$*UTF8*$!
{
	archiveVersion = 1;
	classes = {
	};
	objectVersion = 56;
	objects = {

/* Begin PBXBuildFile section */
		0197C3802DA837AF00B93459 /* AppDelegate.swift in Sources */ = {isa = PBXBuildFile; fileRef = 0197C37F2DA837AF00B93459 /* AppDelegate.swift */; };
		0197C3822DA837AF00B93459 /* SceneDelegate.swift in Sources */ = {isa = PBXBuildFile; fileRef = 0197C3812DA837AF00B93459 /* SceneDelegate.swift */; };
		0197C3842DA837AF00B93459 /* Profile VC.swift in Sources */ = {isa = PBXBuildFile; fileRef = 0197C3832DA837AF00B93459 /* Profile VC.swift */; };
		0197C3872DA837AF00B93459 /* Base in Resources */ = {isa = PBXBuildFile; fileRef = 0197C3862DA837AF00B93459 /* Base */; };
		0197C3892DA837B100B93459 /* Assets.xcassets in Resources */ = {isa = PBXBuildFile; fileRef = 0197C3882DA837B100B93459 /* Assets.xcassets */; };
		0197C38C2DA837B100B93459 /* Base in Resources */ = {isa = PBXBuildFile; fileRef = 0197C38B2DA837B100B93459 /* Base */; };
		0197C39D2DA8522C00B93459 /* HeaderProfileView.xib in Resources */ = {isa = PBXBuildFile; fileRef = 0197C39C2DA8522C00B93459 /* HeaderProfileView.xib */; };
		0197C39F2DA8555B00B93459 /* HeaderProfileView.swift in Sources */ = {isa = PBXBuildFile; fileRef = 0197C39E2DA8555B00B93459 /* HeaderProfileView.swift */; };
		0197C3A72DA8A30900B93459 /* UIView.swift in Sources */ = {isa = PBXBuildFile; fileRef = 0197C3A62DA8A30900B93459 /* UIView.swift */; };
		0197C3AB2DA8A69700B93459 /* Tabs View.swift in Sources */ = {isa = PBXBuildFile; fileRef = 0197C3AA2DA8A69700B93459 /* Tabs View.swift */; };
		0197C3AD2DA8ADDE00B93459 /* Profile + Tabs.swift in Sources */ = {isa = PBXBuildFile; fileRef = 0197C3AC2DA8ADDE00B93459 /* Profile + Tabs.swift */; };
		0197C3B02DA8AE9300B93459 /* CustomSearchBar.swift in Sources */ = {isa = PBXBuildFile; fileRef = 0197C3AF2DA8AE9300B93459 /* CustomSearchBar.swift */; };
		0197C3B72DA8C49F00B93459 /* TagCell.xib in Resources */ = {isa = PBXBuildFile; fileRef = 0197C3B62DA8C49F00B93459 /* TagCell.xib */; };
		0197C3B82DA8C49F00B93459 /* TagCell.swift in Sources */ = {isa = PBXBuildFile; fileRef = 0197C3B52DA8C49F00B93459 /* TagCell.swift */; };
		0197C3BB2DA8C51B00B93459 /* AdsCell.xib in Resources */ = {isa = PBXBuildFile; fileRef = 0197C3BA2DA8C51B00B93459 /* AdsCell.xib */; };
		0197C3BC2DA8C51B00B93459 /* AdsCell.swift in Sources */ = {isa = PBXBuildFile; fileRef = 0197C3B92DA8C51B00B93459 /* AdsCell.swift */; };
		0197C3BF2DA8CA2500B93459 /* ProductCell.xib in Resources */ = {isa = PBXBuildFile; fileRef = 0197C3BE2DA8CA2500B93459 /* ProductCell.xib */; };
		0197C3C02DA8CA2500B93459 /* ProductCell.swift in Sources */ = {isa = PBXBuildFile; fileRef = 0197C3BD2DA8CA2500B93459 /* ProductCell.swift */; };
		0197C3C22DA9C40700B93459 /* UserProfileViewModel.swift in Sources */ = {isa = PBXBuildFile; fileRef = 0197C3C12DA9C40700B93459 /* UserProfileViewModel.swift */; };
		0197C3C42DAA201E00B93459 /* UserInfoModel.swift in Sources */ = {isa = PBXBuildFile; fileRef = 0197C3C32DAA201E00B93459 /* UserInfoModel.swift */; };
		0197C3C62DAA202500B93459 /* ProductModel.swift in Sources */ = {isa = PBXBuildFile; fileRef = 0197C3C52DAA202500B93459 /* ProductModel.swift */; };
		0197C3C82DAA202A00B93459 /* TagsModel.swift in Sources */ = {isa = PBXBuildFile; fileRef = 0197C3C72DAA202A00B93459 /* TagsModel.swift */; };
		0197C3CA2DAA202F00B93459 /* AdsModel.swift in Sources */ = {isa = PBXBuildFile; fileRef = 0197C3C92DAA202F00B93459 /* AdsModel.swift */; };
		0197C3CD2DAA431500B93459 /* Enviroment Configurations.swift in Sources */ = {isa = PBXBuildFile; fileRef = 0197C3CC2DAA431500B93459 /* Enviroment Configurations.swift */; };
		0197C3D62DAA438A00B93459 /* APIEndpoint.swift in Sources */ = {isa = PBXBuildFile; fileRef = 0197C3CE2DAA438A00B93459 /* APIEndpoint.swift */; };
		0197C3D72DAA438A00B93459 /* Client.swift in Sources */ = {isa = PBXBuildFile; fileRef = 0197C3CF2DAA438A00B93459 /* Client.swift */; };
		0197C3D82DAA438A00B93459 /* GenricAPIResponse.swift in Sources */ = {isa = PBXBuildFile; fileRef = 0197C3D02DAA438A00B93459 /* GenricAPIResponse.swift */; };
		0197C3D92DAA438A00B93459 /* MoyaProvider.swift in Sources */ = {isa = PBXBuildFile; fileRef = 0197C3D12DAA438A00B93459 /* MoyaProvider.swift */; };
		0197C3DA2DAA438A00B93459 /* MoyaProvider+Transport.swift in Sources */ = {isa = PBXBuildFile; fileRef = 0197C3D22DAA438A00B93459 /* MoyaProvider+Transport.swift */; };
		0197C3DB2DAA438A00B93459 /* NetworkClient.swift in Sources */ = {isa = PBXBuildFile; fileRef = 0197C3D32DAA438A00B93459 /* NetworkClient.swift */; };
		0197C3DC2DAA438A00B93459 /* Transport.swift in Sources */ = {isa = PBXBuildFile; fileRef = 0197C3D42DAA438A00B93459 /* Transport.swift */; };
		0197C3E22DAA439D00B93459 /* Headers .swift in Sources */ = {isa = PBXBuildFile; fileRef = 0197C3DD2DAA439D00B93459 /* Headers .swift */; };
		0197C3E32DAA439D00B93459 /* APIError.swift in Sources */ = {isa = PBXBuildFile; fileRef = 0197C3DF2DAA439D00B93459 /* APIError.swift */; };
		0197C3E42DAA439D00B93459 /* BackendError.swift in Sources */ = {isa = PBXBuildFile; fileRef = 0197C3E02DAA439D00B93459 /* BackendError.swift */; };
		0197C3EA2DAA45B700B93459 /* ErrorsMessages.json in Resources */ = {isa = PBXBuildFile; fileRef = 0197C3E52DAA45B700B93459 /* ErrorsMessages.json */; };
		0197C3EB2DAA45B700B93459 /* JSONParser.swift in Sources */ = {isa = PBXBuildFile; fileRef = 0197C3E72DAA45B700B93459 /* JSONParser.swift */; };
		0197C3EC2DAA45B700B93459 /* JsonUtilities.swift in Sources */ = {isa = PBXBuildFile; fileRef = 0197C3E82DAA45B700B93459 /* JsonUtilities.swift */; };
		0197C3EF2DAA4F8B00B93459 /* Profile Endpoint.swift in Sources */ = {isa = PBXBuildFile; fileRef = 0197C3EE2DAA4F8B00B93459 /* Profile Endpoint.swift */; };
		0197C3F12DAA54DD00B93459 /* profile Request Protocol.swift in Sources */ = {isa = PBXBuildFile; fileRef = 0197C3F02DAA54DD00B93459 /* profile Request Protocol.swift */; };
		0197C3F32DAA572200B93459 /* Profile Request.swift in Sources */ = {isa = PBXBuildFile; fileRef = 0197C3F22DAA572200B93459 /* Profile Request.swift */; };
		0197C3F82DAAEA8C00B93459 /* Loading.swift in Sources */ = {isa = PBXBuildFile; fileRef = 0197C3F72DAAEA8C00B93459 /* Loading.swift */; };
		0197C3FA2DAAEBE900B93459 /* loading.json in Resources */ = {isa = PBXBuildFile; fileRef = 0197C3F92DAAEBE900B93459 /* loading.json */; };
		0197C4122DAB144E00B93459 /* Caching Profil Data.swift in Sources */ = {isa = PBXBuildFile; fileRef = 0197C4112DAB144E00B93459 /* Caching Profil Data.swift */; };
		0197C4162DAB5D4D00B93459 /* profile + CollectionView.swift in Sources */ = {isa = PBXBuildFile; fileRef = 0197C4152DAB5D4D00B93459 /* profile + CollectionView.swift */; };
		87BABF41194DA74E670E879A /* Pods_Mazaady_Task.framework in Frameworks */ = {isa = PBXBuildFile; fileRef = 375EBDDED57DEC543A19BAD4 /* Pods_Mazaady_Task.framework */; };
/* End PBXBuildFile section */

/* Begin PBXFileReference section */
		0197C37C2DA837AF00B93459 /* Mazaady Task.app */ = {isa = PBXFileReference; explicitFileType = wrapper.application; includeInIndex = 0; path = "Mazaady Task.app"; sourceTree = BUILT_PRODUCTS_DIR; };
		0197C37F2DA837AF00B93459 /* AppDelegate.swift */ = {isa = PBXFileReference; lastKnownFileType = sourcecode.swift; path = AppDelegate.swift; sourceTree = "<group>"; };
		0197C3812DA837AF00B93459 /* SceneDelegate.swift */ = {isa = PBXFileReference; lastKnownFileType = sourcecode.swift; path = SceneDelegate.swift; sourceTree = "<group>"; };
		0197C3832DA837AF00B93459 /* Profile VC.swift */ = {isa = PBXFileReference; lastKnownFileType = sourcecode.swift; path = "Profile VC.swift"; sourceTree = "<group>"; };
		0197C3862DA837AF00B93459 /* Base */ = {isa = PBXFileReference; lastKnownFileType = file.storyboard; name = Base; path = Base.lproj/Main.storyboard; sourceTree = "<group>"; };
		0197C3882DA837B100B93459 /* Assets.xcassets */ = {isa = PBXFileReference; lastKnownFileType = folder.assetcatalog; path = Assets.xcassets; sourceTree = "<group>"; };
		0197C38B2DA837B100B93459 /* Base */ = {isa = PBXFileReference; lastKnownFileType = file.storyboard; name = Base; path = Base.lproj/LaunchScreen.storyboard; sourceTree = "<group>"; };
		0197C38D2DA837B100B93459 /* Info.plist */ = {isa = PBXFileReference; lastKnownFileType = text.plist.xml; path = Info.plist; sourceTree = "<group>"; };
		0197C39C2DA8522C00B93459 /* HeaderProfileView.xib */ = {isa = PBXFileReference; lastKnownFileType = file.xib; path = HeaderProfileView.xib; sourceTree = "<group>"; };
		0197C39E2DA8555B00B93459 /* HeaderProfileView.swift */ = {isa = PBXFileReference; lastKnownFileType = sourcecode.swift; path = HeaderProfileView.swift; sourceTree = "<group>"; };
		0197C3A62DA8A30900B93459 /* UIView.swift */ = {isa = PBXFileReference; lastKnownFileType = sourcecode.swift; path = UIView.swift; sourceTree = "<group>"; };
		0197C3AA2DA8A69700B93459 /* Tabs View.swift */ = {isa = PBXFileReference; lastKnownFileType = sourcecode.swift; path = "Tabs View.swift"; sourceTree = "<group>"; };
		0197C3AC2DA8ADDE00B93459 /* Profile + Tabs.swift */ = {isa = PBXFileReference; lastKnownFileType = sourcecode.swift; path = "Profile + Tabs.swift"; sourceTree = "<group>"; };
		0197C3AF2DA8AE9300B93459 /* CustomSearchBar.swift */ = {isa = PBXFileReference; lastKnownFileType = sourcecode.swift; path = CustomSearchBar.swift; sourceTree = "<group>"; };
		0197C3B52DA8C49F00B93459 /* TagCell.swift */ = {isa = PBXFileReference; lastKnownFileType = sourcecode.swift; path = TagCell.swift; sourceTree = "<group>"; };
		0197C3B62DA8C49F00B93459 /* TagCell.xib */ = {isa = PBXFileReference; lastKnownFileType = file.xib; path = TagCell.xib; sourceTree = "<group>"; };
		0197C3B92DA8C51B00B93459 /* AdsCell.swift */ = {isa = PBXFileReference; lastKnownFileType = sourcecode.swift; path = AdsCell.swift; sourceTree = "<group>"; };
		0197C3BA2DA8C51B00B93459 /* AdsCell.xib */ = {isa = PBXFileReference; lastKnownFileType = file.xib; path = AdsCell.xib; sourceTree = "<group>"; };
		0197C3BD2DA8CA2500B93459 /* ProductCell.swift */ = {isa = PBXFileReference; lastKnownFileType = sourcecode.swift; path = ProductCell.swift; sourceTree = "<group>"; };
		0197C3BE2DA8CA2500B93459 /* ProductCell.xib */ = {isa = PBXFileReference; lastKnownFileType = file.xib; path = ProductCell.xib; sourceTree = "<group>"; };
		0197C3C12DA9C40700B93459 /* UserProfileViewModel.swift */ = {isa = PBXFileReference; lastKnownFileType = sourcecode.swift; path = UserProfileViewModel.swift; sourceTree = "<group>"; };
		0197C3C32DAA201E00B93459 /* UserInfoModel.swift */ = {isa = PBXFileReference; lastKnownFileType = sourcecode.swift; path = UserInfoModel.swift; sourceTree = "<group>"; };
		0197C3C52DAA202500B93459 /* ProductModel.swift */ = {isa = PBXFileReference; lastKnownFileType = sourcecode.swift; path = ProductModel.swift; sourceTree = "<group>"; };
		0197C3C72DAA202A00B93459 /* TagsModel.swift */ = {isa = PBXFileReference; lastKnownFileType = sourcecode.swift; path = TagsModel.swift; sourceTree = "<group>"; };
		0197C3C92DAA202F00B93459 /* AdsModel.swift */ = {isa = PBXFileReference; lastKnownFileType = sourcecode.swift; path = AdsModel.swift; sourceTree = "<group>"; };
		0197C3CC2DAA431500B93459 /* Enviroment Configurations.swift */ = {isa = PBXFileReference; fileEncoding = 4; lastKnownFileType = sourcecode.swift; path = "Enviroment Configurations.swift"; sourceTree = "<group>"; };
		0197C3CE2DAA438A00B93459 /* APIEndpoint.swift */ = {isa = PBXFileReference; fileEncoding = 4; lastKnownFileType = sourcecode.swift; path = APIEndpoint.swift; sourceTree = "<group>"; };
		0197C3CF2DAA438A00B93459 /* Client.swift */ = {isa = PBXFileReference; fileEncoding = 4; lastKnownFileType = sourcecode.swift; path = Client.swift; sourceTree = "<group>"; };
		0197C3D02DAA438A00B93459 /* GenricAPIResponse.swift */ = {isa = PBXFileReference; fileEncoding = 4; lastKnownFileType = sourcecode.swift; path = GenricAPIResponse.swift; sourceTree = "<group>"; };
		0197C3D12DAA438A00B93459 /* MoyaProvider.swift */ = {isa = PBXFileReference; fileEncoding = 4; lastKnownFileType = sourcecode.swift; path = MoyaProvider.swift; sourceTree = "<group>"; };
		0197C3D22DAA438A00B93459 /* MoyaProvider+Transport.swift */ = {isa = PBXFileReference; fileEncoding = 4; lastKnownFileType = sourcecode.swift; path = "MoyaProvider+Transport.swift"; sourceTree = "<group>"; };
		0197C3D32DAA438A00B93459 /* NetworkClient.swift */ = {isa = PBXFileReference; fileEncoding = 4; lastKnownFileType = sourcecode.swift; path = NetworkClient.swift; sourceTree = "<group>"; };
		0197C3D42DAA438A00B93459 /* Transport.swift */ = {isa = PBXFileReference; fileEncoding = 4; lastKnownFileType = sourcecode.swift; path = Transport.swift; sourceTree = "<group>"; };
		0197C3DD2DAA439D00B93459 /* Headers .swift */ = {isa = PBXFileReference; fileEncoding = 4; lastKnownFileType = sourcecode.swift; path = "Headers .swift"; sourceTree = "<group>"; };
		0197C3DF2DAA439D00B93459 /* APIError.swift */ = {isa = PBXFileReference; fileEncoding = 4; lastKnownFileType = sourcecode.swift; path = APIError.swift; sourceTree = "<group>"; };
		0197C3E02DAA439D00B93459 /* BackendError.swift */ = {isa = PBXFileReference; fileEncoding = 4; lastKnownFileType = sourcecode.swift; path = BackendError.swift; sourceTree = "<group>"; };
		0197C3E52DAA45B700B93459 /* ErrorsMessages.json */ = {isa = PBXFileReference; fileEncoding = 4; lastKnownFileType = text.json; path = ErrorsMessages.json; sourceTree = "<group>"; };
		0197C3E72DAA45B700B93459 /* JSONParser.swift */ = {isa = PBXFileReference; fileEncoding = 4; lastKnownFileType = sourcecode.swift; path = JSONParser.swift; sourceTree = "<group>"; };
		0197C3E82DAA45B700B93459 /* JsonUtilities.swift */ = {isa = PBXFileReference; fileEncoding = 4; lastKnownFileType = sourcecode.swift; path = JsonUtilities.swift; sourceTree = "<group>"; };
		0197C3EE2DAA4F8B00B93459 /* Profile Endpoint.swift */ = {isa = PBXFileReference; lastKnownFileType = sourcecode.swift; path = "Profile Endpoint.swift"; sourceTree = "<group>"; };
		0197C3F02DAA54DD00B93459 /* profile Request Protocol.swift */ = {isa = PBXFileReference; lastKnownFileType = sourcecode.swift; path = "profile Request Protocol.swift"; sourceTree = "<group>"; };
		0197C3F22DAA572200B93459 /* Profile Request.swift */ = {isa = PBXFileReference; lastKnownFileType = sourcecode.swift; path = "Profile Request.swift"; sourceTree = "<group>"; };
		0197C3F72DAAEA8C00B93459 /* Loading.swift */ = {isa = PBXFileReference; lastKnownFileType = sourcecode.swift; path = Loading.swift; sourceTree = "<group>"; };
		0197C3F92DAAEBE900B93459 /* loading.json */ = {isa = PBXFileReference; fileEncoding = 4; lastKnownFileType = text.json; path = loading.json; sourceTree = "<group>"; };
		0197C40F2DAAF6BB00B93459 /* Production.xcconfig */ = {isa = PBXFileReference; lastKnownFileType = text.xcconfig; path = Production.xcconfig; sourceTree = "<group>"; };
		0197C4102DAAF6D200B93459 /* Development.xcconfig */ = {isa = PBXFileReference; lastKnownFileType = text.xcconfig; path = Development.xcconfig; sourceTree = "<group>"; };
		0197C4112DAB144E00B93459 /* Caching Profil Data.swift */ = {isa = PBXFileReference; lastKnownFileType = sourcecode.swift; path = "Caching Profil Data.swift"; sourceTree = "<group>"; };
		0197C4152DAB5D4D00B93459 /* profile + CollectionView.swift */ = {isa = PBXFileReference; lastKnownFileType = sourcecode.swift; path = "profile + CollectionView.swift"; sourceTree = "<group>"; };
		197B223582E36D1391C250A2 /* Pods-Mazaady TaskTests.debug.xcconfig */ = {isa = PBXFileReference; includeInIndex = 1; lastKnownFileType = text.xcconfig; name = "Pods-Mazaady TaskTests.debug.xcconfig"; path = "Target Support Files/Pods-Mazaady TaskTests/Pods-Mazaady TaskTests.debug.xcconfig"; sourceTree = "<group>"; };
		375EBDDED57DEC543A19BAD4 /* Pods_Mazaady_Task.framework */ = {isa = PBXFileReference; explicitFileType = wrapper.framework; includeInIndex = 0; path = Pods_Mazaady_Task.framework; sourceTree = BUILT_PRODUCTS_DIR; };
		541DD95369065362DD0E6F7E /* Pods-Mazaady Task.development.xcconfig */ = {isa = PBXFileReference; includeInIndex = 1; lastKnownFileType = text.xcconfig; name = "Pods-Mazaady Task.development.xcconfig"; path = "Target Support Files/Pods-Mazaady Task/Pods-Mazaady Task.development.xcconfig"; sourceTree = "<group>"; };
		6E777555294C9306B39ADBEE /* libPods-Mazaady TaskTests.a */ = {isa = PBXFileReference; explicitFileType = archive.ar; includeInIndex = 0; path = "libPods-Mazaady TaskTests.a"; sourceTree = BUILT_PRODUCTS_DIR; };
		742E17CD2D9F3F8E4006B84C /* Pods-Mazaady Task.release.xcconfig */ = {isa = PBXFileReference; includeInIndex = 1; lastKnownFileType = text.xcconfig; name = "Pods-Mazaady Task.release.xcconfig"; path = "Target Support Files/Pods-Mazaady Task/Pods-Mazaady Task.release.xcconfig"; sourceTree = "<group>"; };
		9D33E729DA59C778DC28B77D /* Pods-Mazaady Task.production.xcconfig */ = {isa = PBXFileReference; includeInIndex = 1; lastKnownFileType = text.xcconfig; name = "Pods-Mazaady Task.production.xcconfig"; path = "Target Support Files/Pods-Mazaady Task/Pods-Mazaady Task.production.xcconfig"; sourceTree = "<group>"; };
		C3934DEB5D01C1EF16523FE5 /* Pods-Mazaady Task.debug.xcconfig */ = {isa = PBXFileReference; includeInIndex = 1; lastKnownFileType = text.xcconfig; name = "Pods-Mazaady Task.debug.xcconfig"; path = "Target Support Files/Pods-Mazaady Task/Pods-Mazaady Task.debug.xcconfig"; sourceTree = "<group>"; };
		FB218CA856F987BE7DC49E42 /* Pods-Mazaady TaskTests.release.xcconfig */ = {isa = PBXFileReference; includeInIndex = 1; lastKnownFileType = text.xcconfig; name = "Pods-Mazaady TaskTests.release.xcconfig"; path = "Target Support Files/Pods-Mazaady TaskTests/Pods-Mazaady TaskTests.release.xcconfig"; sourceTree = "<group>"; };
/* End PBXFileReference section */

/* Begin PBXFrameworksBuildPhase section */
		0197C3792DA837AF00B93459 /* Frameworks */ = {
			isa = PBXFrameworksBuildPhase;
			buildActionMask = 2147483647;
			files = (
				87BABF41194DA74E670E879A /* Pods_Mazaady_Task.framework in Frameworks */,
			);
			runOnlyForDeploymentPostprocessing = 0;
		};
/* End PBXFrameworksBuildPhase section */

/* Begin PBXGroup section */
		0197C3732DA837AF00B93459 = {
			isa = PBXGroup;
			children = (
				0197C37E2DA837AF00B93459 /* Mazaady Task */,
				0197C37D2DA837AF00B93459 /* Products */,
				6B1896B886DAF67985B110F5 /* Pods */,
				EED6AE16668AD6DD555C01C6 /* Frameworks */,
			);
			sourceTree = "<group>";
		};
		0197C37D2DA837AF00B93459 /* Products */ = {
			isa = PBXGroup;
			children = (
				0197C37C2DA837AF00B93459 /* Mazaady Task.app */,
			);
			name = Products;
			sourceTree = "<group>";
		};
		0197C37E2DA837AF00B93459 /* Mazaady Task */ = {
			isa = PBXGroup;
			children = (
				0197C40E2DAAF69B00B93459 /* Enviroment Configration */,
				0197C3A82DA8A67500B93459 /* Network */,
				0197C3982DA84F2000B93459 /* Utilities */,
				0197C3932DA84E5700B93459 /* User Profile Module */,
				0197C37F2DA837AF00B93459 /* AppDelegate.swift */,
				0197C3812DA837AF00B93459 /* SceneDelegate.swift */,
				0197C3852DA837AF00B93459 /* Main.storyboard */,
				0197C3882DA837B100B93459 /* Assets.xcassets */,
				0197C38A2DA837B100B93459 /* LaunchScreen.storyboard */,
				0197C38D2DA837B100B93459 /* Info.plist */,
			);
			path = "Mazaady Task";
			sourceTree = "<group>";
		};
		0197C3932DA84E5700B93459 /* User Profile Module */ = {
			isa = PBXGroup;
			children = (
				0197C3832DA837AF00B93459 /* Profile VC.swift */,
				0197C3AC2DA8ADDE00B93459 /* Profile + Tabs.swift */,
				0197C4152DAB5D4D00B93459 /* profile + CollectionView.swift */,
				0197C3962DA84EFE00B93459 /* Views */,
				0197C3952DA84EF500B93459 /* ViewModels */,
				0197C3942DA84EEB00B93459 /* Models */,
			);
			path = "User Profile Module";
			sourceTree = "<group>";
		};
		0197C3942DA84EEB00B93459 /* Models */ = {
			isa = PBXGroup;
			children = (
				0197C3C52DAA202500B93459 /* ProductModel.swift */,
				0197C3C32DAA201E00B93459 /* UserInfoModel.swift */,
				0197C3C72DAA202A00B93459 /* TagsModel.swift */,
				0197C3C92DAA202F00B93459 /* AdsModel.swift */,
			);
			path = Models;
			sourceTree = "<group>";
		};
		0197C3952DA84EF500B93459 /* ViewModels */ = {
			isa = PBXGroup;
			children = (
				0197C3C12DA9C40700B93459 /* UserProfileViewModel.swift */,
				0197C4112DAB144E00B93459 /* Caching Profil Data.swift */,
			);
			path = ViewModels;
			sourceTree = "<group>";
		};
		0197C3962DA84EFE00B93459 /* Views */ = {
			isa = PBXGroup;
			children = (
				0197C3B32DA8C1B700B93459 /* Cell */,
				0197C3AE2DA8AE7C00B93459 /* Searchbar */,
				0197C3A92DA8A68600B93459 /* Tabs */,
				0197C39B2DA8512100B93459 /* Header Profile */,
			);
			path = Views;
			sourceTree = "<group>";
		};
		0197C3982DA84F2000B93459 /* Utilities */ = {
			isa = PBXGroup;
			children = (
				0197C3F62DAAEA8300B93459 /* Loading */,
				0197C3992DA84F2400B93459 /* extension */,
			);
			path = Utilities;
			sourceTree = "<group>";
		};
		0197C3992DA84F2400B93459 /* extension */ = {
			isa = PBXGroup;
			children = (
				0197C3A62DA8A30900B93459 /* UIView.swift */,
			);
			path = extension;
			sourceTree = "<group>";
		};
		0197C39B2DA8512100B93459 /* Header Profile */ = {
			isa = PBXGroup;
			children = (
				0197C39C2DA8522C00B93459 /* HeaderProfileView.xib */,
				0197C39E2DA8555B00B93459 /* HeaderProfileView.swift */,
			);
			path = "Header Profile";
			sourceTree = "<group>";
		};
		0197C3A82DA8A67500B93459 /* Network */ = {
			isa = PBXGroup;
			children = (
				0197C3ED2DAA4F7300B93459 /* Requests */,
				0197C3E92DAA45B700B93459 /* Resources */,
				0197C3D52DAA438A00B93459 /* Network layer */,
				0197C3DE2DAA439D00B93459 /* Headers */,
				0197C3E12DAA439D00B93459 /* NetworkError */,
			);
			path = Network;
			sourceTree = "<group>";
		};
		0197C3A92DA8A68600B93459 /* Tabs */ = {
			isa = PBXGroup;
			children = (
				0197C3AA2DA8A69700B93459 /* Tabs View.swift */,
			);
			path = Tabs;
			sourceTree = "<group>";
		};
		0197C3AE2DA8AE7C00B93459 /* Searchbar */ = {
			isa = PBXGroup;
			children = (
				0197C3AF2DA8AE9300B93459 /* CustomSearchBar.swift */,
			);
			path = Searchbar;
			sourceTree = "<group>";
		};
		0197C3B12DA8BA2400B93459 /* Products */ = {
			isa = PBXGroup;
			children = (
				0197C3BD2DA8CA2500B93459 /* ProductCell.swift */,
				0197C3BE2DA8CA2500B93459 /* ProductCell.xib */,
			);
			path = Products;
			sourceTree = "<group>";
		};
		0197C3B22DA8C1AB00B93459 /* Ads */ = {
			isa = PBXGroup;
			children = (
				0197C3B92DA8C51B00B93459 /* AdsCell.swift */,
				0197C3BA2DA8C51B00B93459 /* AdsCell.xib */,
			);
			path = Ads;
			sourceTree = "<group>";
		};
		0197C3B32DA8C1B700B93459 /* Cell */ = {
			isa = PBXGroup;
			children = (
				0197C3B12DA8BA2400B93459 /* Products */,
				0197C3B22DA8C1AB00B93459 /* Ads */,
				0197C3B42DA8C1C000B93459 /* Tags */,
			);
			path = Cell;
			sourceTree = "<group>";
		};
		0197C3B42DA8C1C000B93459 /* Tags */ = {
			isa = PBXGroup;
			children = (
				0197C3B52DA8C49F00B93459 /* TagCell.swift */,
				0197C3B62DA8C49F00B93459 /* TagCell.xib */,
			);
			path = Tags;
			sourceTree = "<group>";
		};
		0197C3D52DAA438A00B93459 /* Network layer */ = {
			isa = PBXGroup;
			children = (
				0197C3CE2DAA438A00B93459 /* APIEndpoint.swift */,
				0197C3CF2DAA438A00B93459 /* Client.swift */,
				0197C3D02DAA438A00B93459 /* GenricAPIResponse.swift */,
				0197C3D12DAA438A00B93459 /* MoyaProvider.swift */,
				0197C3D22DAA438A00B93459 /* MoyaProvider+Transport.swift */,
				0197C3D32DAA438A00B93459 /* NetworkClient.swift */,
				0197C3D42DAA438A00B93459 /* Transport.swift */,
			);
			path = "Network layer";
			sourceTree = "<group>";
		};
		0197C3DE2DAA439D00B93459 /* Headers */ = {
			isa = PBXGroup;
			children = (
				0197C3DD2DAA439D00B93459 /* Headers .swift */,
			);
			path = Headers;
			sourceTree = "<group>";
		};
		0197C3E12DAA439D00B93459 /* NetworkError */ = {
			isa = PBXGroup;
			children = (
				0197C3DF2DAA439D00B93459 /* APIError.swift */,
				0197C3E02DAA439D00B93459 /* BackendError.swift */,
			);
			path = NetworkError;
			sourceTree = "<group>";
		};
		0197C3E62DAA45B700B93459 /* Json Files */ = {
			isa = PBXGroup;
			children = (
				0197C3E52DAA45B700B93459 /* ErrorsMessages.json */,
			);
			path = "Json Files";
			sourceTree = "<group>";
		};
		0197C3E92DAA45B700B93459 /* Resources */ = {
			isa = PBXGroup;
			children = (
				0197C3E62DAA45B700B93459 /* Json Files */,
				0197C3E72DAA45B700B93459 /* JSONParser.swift */,
				0197C3E82DAA45B700B93459 /* JsonUtilities.swift */,
			);
			path = Resources;
			sourceTree = "<group>";
		};
		0197C3ED2DAA4F7300B93459 /* Requests */ = {
			isa = PBXGroup;
			children = (
				0197C3EE2DAA4F8B00B93459 /* Profile Endpoint.swift */,
				0197C3F02DAA54DD00B93459 /* profile Request Protocol.swift */,
				0197C3F22DAA572200B93459 /* Profile Request.swift */,
			);
			path = Requests;
			sourceTree = "<group>";
		};
		0197C3F62DAAEA8300B93459 /* Loading */ = {
			isa = PBXGroup;
			children = (
				0197C3F92DAAEBE900B93459 /* loading.json */,
				0197C3F72DAAEA8C00B93459 /* Loading.swift */,
			);
			path = Loading;
			sourceTree = "<group>";
		};
		0197C40E2DAAF69B00B93459 /* Enviroment Configration */ = {
			isa = PBXGroup;
			children = (
				0197C3CC2DAA431500B93459 /* Enviroment Configurations.swift */,
				0197C40F2DAAF6BB00B93459 /* Production.xcconfig */,
				0197C4102DAAF6D200B93459 /* Development.xcconfig */,
			);
			path = "Enviroment Configration";
			sourceTree = "<group>";
		};
		6B1896B886DAF67985B110F5 /* Pods */ = {
			isa = PBXGroup;
			children = (
				C3934DEB5D01C1EF16523FE5 /* Pods-Mazaady Task.debug.xcconfig */,
				742E17CD2D9F3F8E4006B84C /* Pods-Mazaady Task.release.xcconfig */,
				197B223582E36D1391C250A2 /* Pods-Mazaady TaskTests.debug.xcconfig */,
				FB218CA856F987BE7DC49E42 /* Pods-Mazaady TaskTests.release.xcconfig */,
				541DD95369065362DD0E6F7E /* Pods-Mazaady Task.development.xcconfig */,
				9D33E729DA59C778DC28B77D /* Pods-Mazaady Task.production.xcconfig */,
			);
			path = Pods;
			sourceTree = "<group>";
		};
		EED6AE16668AD6DD555C01C6 /* Frameworks */ = {
			isa = PBXGroup;
			children = (
				375EBDDED57DEC543A19BAD4 /* Pods_Mazaady_Task.framework */,
				6E777555294C9306B39ADBEE /* libPods-Mazaady TaskTests.a */,
			);
			name = Frameworks;
			sourceTree = "<group>";
		};
/* End PBXGroup section */

/* Begin PBXNativeTarget section */
		0197C37B2DA837AF00B93459 /* Mazaady Task */ = {
			isa = PBXNativeTarget;
			buildConfigurationList = 0197C3902DA837B100B93459 /* Build configuration list for PBXNativeTarget "Mazaady Task" */;
			buildPhases = (
				299E9B3F21CCC11CBEBACA97 /* [CP] Check Pods Manifest.lock */,
				0197C3782DA837AF00B93459 /* Sources */,
				0197C3792DA837AF00B93459 /* Frameworks */,
				0197C37A2DA837AF00B93459 /* Resources */,
				8ADE286D58E96E9DAAE52EB5 /* [CP] Embed Pods Frameworks */,
			);
			buildRules = (
			);
			dependencies = (
			);
			name = "Mazaady Task";
			productName = "Mazaady Task";
			productReference = 0197C37C2DA837AF00B93459 /* Mazaady Task.app */;
			productType = "com.apple.product-type.application";
		};
/* End PBXNativeTarget section */

/* Begin PBXProject section */
		0197C3742DA837AF00B93459 /* Project object */ = {
			isa = PBXProject;
			attributes = {
				BuildIndependentTargetsInParallel = 1;
				LastSwiftUpdateCheck = 1540;
				LastUpgradeCheck = 1540;
				TargetAttributes = {
					0197C37B2DA837AF00B93459 = {
						CreatedOnToolsVersion = 15.4;
					};
				};
			};
			buildConfigurationList = 0197C3772DA837AF00B93459 /* Build configuration list for PBXProject "Mazaady Task" */;
			compatibilityVersion = "Xcode 14.0";
			developmentRegion = en;
			hasScannedForEncodings = 0;
			knownRegions = (
				en,
				Base,
			);
			mainGroup = 0197C3732DA837AF00B93459;
			productRefGroup = 0197C37D2DA837AF00B93459 /* Products */;
			projectDirPath = "";
			projectRoot = "";
			targets = (
				0197C37B2DA837AF00B93459 /* Mazaady Task */,
			);
		};
/* End PBXProject section */

/* Begin PBXResourcesBuildPhase section */
		0197C37A2DA837AF00B93459 /* Resources */ = {
			isa = PBXResourcesBuildPhase;
			buildActionMask = 2147483647;
			files = (
				0197C3EA2DAA45B700B93459 /* ErrorsMessages.json in Resources */,
				0197C39D2DA8522C00B93459 /* HeaderProfileView.xib in Resources */,
				0197C3892DA837B100B93459 /* Assets.xcassets in Resources */,
				0197C3FA2DAAEBE900B93459 /* loading.json in Resources */,
				0197C3BF2DA8CA2500B93459 /* ProductCell.xib in Resources */,
				0197C3BB2DA8C51B00B93459 /* AdsCell.xib in Resources */,
				0197C38C2DA837B100B93459 /* Base in Resources */,
				0197C3872DA837AF00B93459 /* Base in Resources */,
				0197C3B72DA8C49F00B93459 /* TagCell.xib in Resources */,
			);
			runOnlyForDeploymentPostprocessing = 0;
		};
/* End PBXResourcesBuildPhase section */

/* Begin PBXShellScriptBuildPhase section */
		299E9B3F21CCC11CBEBACA97 /* [CP] Check Pods Manifest.lock */ = {
			isa = PBXShellScriptBuildPhase;
			buildActionMask = 2147483647;
			files = (
			);
			inputFileListPaths = (
			);
			inputPaths = (
				"${PODS_PODFILE_DIR_PATH}/Podfile.lock",
				"${PODS_ROOT}/Manifest.lock",
			);
			name = "[CP] Check Pods Manifest.lock";
			outputFileListPaths = (
			);
			outputPaths = (
				"$(DERIVED_FILE_DIR)/Pods-Mazaady Task-checkManifestLockResult.txt",
			);
			runOnlyForDeploymentPostprocessing = 0;
			shellPath = /bin/sh;
			shellScript = "diff \"${PODS_PODFILE_DIR_PATH}/Podfile.lock\" \"${PODS_ROOT}/Manifest.lock\" > /dev/null\nif [ $? != 0 ] ; then\n    # print error to STDERR\n    echo \"error: The sandbox is not in sync with the Podfile.lock. Run 'pod install' or update your CocoaPods installation.\" >&2\n    exit 1\nfi\n# This output is used by Xcode 'outputs' to avoid re-running this script phase.\necho \"SUCCESS\" > \"${SCRIPT_OUTPUT_FILE_0}\"\n";
			showEnvVarsInLog = 0;
		};
		8ADE286D58E96E9DAAE52EB5 /* [CP] Embed Pods Frameworks */ = {
			isa = PBXShellScriptBuildPhase;
			buildActionMask = 2147483647;
			files = (
			);
			inputFileListPaths = (
				"${PODS_ROOT}/Target Support Files/Pods-Mazaady Task/Pods-Mazaady Task-frameworks-${CONFIGURATION}-input-files.xcfilelist",
			);
			name = "[CP] Embed Pods Frameworks";
			outputFileListPaths = (
				"${PODS_ROOT}/Target Support Files/Pods-Mazaady Task/Pods-Mazaady Task-frameworks-${CONFIGURATION}-output-files.xcfilelist",
			);
			runOnlyForDeploymentPostprocessing = 0;
			shellPath = /bin/sh;
			shellScript = "\"${PODS_ROOT}/Target Support Files/Pods-Mazaady Task/Pods-Mazaady Task-frameworks.sh\"\n";
			showEnvVarsInLog = 0;
		};
/* End PBXShellScriptBuildPhase section */

/* Begin PBXSourcesBuildPhase section */
		0197C3782DA837AF00B93459 /* Sources */ = {
			isa = PBXSourcesBuildPhase;
			buildActionMask = 2147483647;
			files = (
				0197C3E42DAA439D00B93459 /* BackendError.swift in Sources */,
				0197C3F12DAA54DD00B93459 /* profile Request Protocol.swift in Sources */,
				0197C3BC2DA8C51B00B93459 /* AdsCell.swift in Sources */,
				0197C3EB2DAA45B700B93459 /* JSONParser.swift in Sources */,
				0197C3D62DAA438A00B93459 /* APIEndpoint.swift in Sources */,
				0197C3CD2DAA431500B93459 /* Enviroment Configurations.swift in Sources */,
				0197C3C02DA8CA2500B93459 /* ProductCell.swift in Sources */,
				0197C3CA2DAA202F00B93459 /* AdsModel.swift in Sources */,
				0197C3A72DA8A30900B93459 /* UIView.swift in Sources */,
				0197C3F32DAA572200B93459 /* Profile Request.swift in Sources */,
				0197C3C82DAA202A00B93459 /* TagsModel.swift in Sources */,
				0197C3DC2DAA438A00B93459 /* Transport.swift in Sources */,
				0197C3D82DAA438A00B93459 /* GenricAPIResponse.swift in Sources */,
				0197C3AB2DA8A69700B93459 /* Tabs View.swift in Sources */,
				0197C3EC2DAA45B700B93459 /* JsonUtilities.swift in Sources */,
				0197C3842DA837AF00B93459 /* Profile VC.swift in Sources */,
				0197C3C62DAA202500B93459 /* ProductModel.swift in Sources */,
				0197C3C22DA9C40700B93459 /* UserProfileViewModel.swift in Sources */,
				0197C3DA2DAA438A00B93459 /* MoyaProvider+Transport.swift in Sources */,
				0197C3AD2DA8ADDE00B93459 /* Profile + Tabs.swift in Sources */,
				0197C4162DAB5D4D00B93459 /* profile + CollectionView.swift in Sources */,
				0197C3B82DA8C49F00B93459 /* TagCell.swift in Sources */,
				0197C3E22DAA439D00B93459 /* Headers .swift in Sources */,
				0197C3802DA837AF00B93459 /* AppDelegate.swift in Sources */,
				0197C3C42DAA201E00B93459 /* UserInfoModel.swift in Sources */,
				0197C3D92DAA438A00B93459 /* MoyaProvider.swift in Sources */,
				0197C3F82DAAEA8C00B93459 /* Loading.swift in Sources */,
				0197C3822DA837AF00B93459 /* SceneDelegate.swift in Sources */,
				0197C3D72DAA438A00B93459 /* Client.swift in Sources */,
				0197C3B02DA8AE9300B93459 /* CustomSearchBar.swift in Sources */,
				0197C3DB2DAA438A00B93459 /* NetworkClient.swift in Sources */,
				0197C39F2DA8555B00B93459 /* HeaderProfileView.swift in Sources */,
				0197C3EF2DAA4F8B00B93459 /* Profile Endpoint.swift in Sources */,
				0197C3E32DAA439D00B93459 /* APIError.swift in Sources */,
				0197C4122DAB144E00B93459 /* Caching Profil Data.swift in Sources */,
			);
			runOnlyForDeploymentPostprocessing = 0;
		};
/* End PBXSourcesBuildPhase section */

/* Begin PBXVariantGroup section */
		0197C3852DA837AF00B93459 /* Main.storyboard */ = {
			isa = PBXVariantGroup;
			children = (
				0197C3862DA837AF00B93459 /* Base */,
			);
			name = Main.storyboard;
			sourceTree = "<group>";
		};
		0197C38A2DA837B100B93459 /* LaunchScreen.storyboard */ = {
			isa = PBXVariantGroup;
			children = (
				0197C38B2DA837B100B93459 /* Base */,
			);
			name = LaunchScreen.storyboard;
			sourceTree = "<group>";
		};
/* End PBXVariantGroup section */

/* Begin XCBuildConfiguration section */
		0197C38E2DA837B100B93459 /* Debug */ = {
			isa = XCBuildConfiguration;
			buildSettings = {
				ALWAYS_SEARCH_USER_PATHS = NO;
				ASSETCATALOG_COMPILER_GENERATE_SWIFT_ASSET_SYMBOL_EXTENSIONS = YES;
				CLANG_ANALYZER_NONNULL = YES;
				CLANG_ANALYZER_NUMBER_OBJECT_CONVERSION = YES_AGGRESSIVE;
				CLANG_CXX_LANGUAGE_STANDARD = "gnu++20";
				CLANG_ENABLE_MODULES = YES;
				CLANG_ENABLE_OBJC_ARC = YES;
				CLANG_ENABLE_OBJC_WEAK = YES;
				CLANG_WARN_BLOCK_CAPTURE_AUTORELEASING = YES;
				CLANG_WARN_BOOL_CONVERSION = YES;
				CLANG_WARN_COMMA = YES;
				CLANG_WARN_CONSTANT_CONVERSION = YES;
				CLANG_WARN_DEPRECATED_OBJC_IMPLEMENTATIONS = YES;
				CLANG_WARN_DIRECT_OBJC_ISA_USAGE = YES_ERROR;
				CLANG_WARN_DOCUMENTATION_COMMENTS = YES;
				CLANG_WARN_EMPTY_BODY = YES;
				CLANG_WARN_ENUM_CONVERSION = YES;
				CLANG_WARN_INFINITE_RECURSION = YES;
				CLANG_WARN_INT_CONVERSION = YES;
				CLANG_WARN_NON_LITERAL_NULL_CONVERSION = YES;
				CLANG_WARN_OBJC_IMPLICIT_RETAIN_SELF = YES;
				CLANG_WARN_OBJC_LITERAL_CONVERSION = YES;
				CLANG_WARN_OBJC_ROOT_CLASS = YES_ERROR;
				CLANG_WARN_QUOTED_INCLUDE_IN_FRAMEWORK_HEADER = YES;
				CLANG_WARN_RANGE_LOOP_ANALYSIS = YES;
				CLANG_WARN_STRICT_PROTOTYPES = YES;
				CLANG_WARN_SUSPICIOUS_MOVE = YES;
				CLANG_WARN_UNGUARDED_AVAILABILITY = YES_AGGRESSIVE;
				CLANG_WARN_UNREACHABLE_CODE = YES;
				CLANG_WARN__DUPLICATE_METHOD_MATCH = YES;
				COPY_PHASE_STRIP = NO;
				DEBUG_INFORMATION_FORMAT = dwarf;
				ENABLE_STRICT_OBJC_MSGSEND = YES;
				ENABLE_TESTABILITY = YES;
				ENABLE_USER_SCRIPT_SANDBOXING = YES;
				GCC_C_LANGUAGE_STANDARD = gnu17;
				GCC_DYNAMIC_NO_PIC = NO;
				GCC_NO_COMMON_BLOCKS = YES;
				GCC_OPTIMIZATION_LEVEL = 0;
				GCC_PREPROCESSOR_DEFINITIONS = (
					"DEBUG=1",
					"$(inherited)",
				);
				GCC_WARN_64_TO_32_BIT_CONVERSION = YES;
				GCC_WARN_ABOUT_RETURN_TYPE = YES_ERROR;
				GCC_WARN_UNDECLARED_SELECTOR = YES;
				GCC_WARN_UNINITIALIZED_AUTOS = YES_AGGRESSIVE;
				GCC_WARN_UNUSED_FUNCTION = YES;
				GCC_WARN_UNUSED_VARIABLE = YES;
				IPHONEOS_DEPLOYMENT_TARGET = 17.5;
				LOCALIZATION_PREFERS_STRING_CATALOGS = YES;
				MTL_ENABLE_DEBUG_INFO = INCLUDE_SOURCE;
				MTL_FAST_MATH = YES;
				ONLY_ACTIVE_ARCH = YES;
				SDKROOT = iphoneos;
				SWIFT_ACTIVE_COMPILATION_CONDITIONS = "DEBUG $(inherited)";
				SWIFT_OPTIMIZATION_LEVEL = "-Onone";
			};
			name = Debug;
		};
		0197C38F2DA837B100B93459 /* Release */ = {
			isa = XCBuildConfiguration;
			buildSettings = {
				ALWAYS_SEARCH_USER_PATHS = NO;
				ASSETCATALOG_COMPILER_GENERATE_SWIFT_ASSET_SYMBOL_EXTENSIONS = YES;
				CLANG_ANALYZER_NONNULL = YES;
				CLANG_ANALYZER_NUMBER_OBJECT_CONVERSION = YES_AGGRESSIVE;
				CLANG_CXX_LANGUAGE_STANDARD = "gnu++20";
				CLANG_ENABLE_MODULES = YES;
				CLANG_ENABLE_OBJC_ARC = YES;
				CLANG_ENABLE_OBJC_WEAK = YES;
				CLANG_WARN_BLOCK_CAPTURE_AUTORELEASING = YES;
				CLANG_WARN_BOOL_CONVERSION = YES;
				CLANG_WARN_COMMA = YES;
				CLANG_WARN_CONSTANT_CONVERSION = YES;
				CLANG_WARN_DEPRECATED_OBJC_IMPLEMENTATIONS = YES;
				CLANG_WARN_DIRECT_OBJC_ISA_USAGE = YES_ERROR;
				CLANG_WARN_DOCUMENTATION_COMMENTS = YES;
				CLANG_WARN_EMPTY_BODY = YES;
				CLANG_WARN_ENUM_CONVERSION = YES;
				CLANG_WARN_INFINITE_RECURSION = YES;
				CLANG_WARN_INT_CONVERSION = YES;
				CLANG_WARN_NON_LITERAL_NULL_CONVERSION = YES;
				CLANG_WARN_OBJC_IMPLICIT_RETAIN_SELF = YES;
				CLANG_WARN_OBJC_LITERAL_CONVERSION = YES;
				CLANG_WARN_OBJC_ROOT_CLASS = YES_ERROR;
				CLANG_WARN_QUOTED_INCLUDE_IN_FRAMEWORK_HEADER = YES;
				CLANG_WARN_RANGE_LOOP_ANALYSIS = YES;
				CLANG_WARN_STRICT_PROTOTYPES = YES;
				CLANG_WARN_SUSPICIOUS_MOVE = YES;
				CLANG_WARN_UNGUARDED_AVAILABILITY = YES_AGGRESSIVE;
				CLANG_WARN_UNREACHABLE_CODE = YES;
				CLANG_WARN__DUPLICATE_METHOD_MATCH = YES;
				COPY_PHASE_STRIP = NO;
				DEBUG_INFORMATION_FORMAT = "dwarf-with-dsym";
				ENABLE_NS_ASSERTIONS = NO;
				ENABLE_STRICT_OBJC_MSGSEND = YES;
				ENABLE_USER_SCRIPT_SANDBOXING = YES;
				GCC_C_LANGUAGE_STANDARD = gnu17;
				GCC_NO_COMMON_BLOCKS = YES;
				GCC_WARN_64_TO_32_BIT_CONVERSION = YES;
				GCC_WARN_ABOUT_RETURN_TYPE = YES_ERROR;
				GCC_WARN_UNDECLARED_SELECTOR = YES;
				GCC_WARN_UNINITIALIZED_AUTOS = YES_AGGRESSIVE;
				GCC_WARN_UNUSED_FUNCTION = YES;
				GCC_WARN_UNUSED_VARIABLE = YES;
				IPHONEOS_DEPLOYMENT_TARGET = 17.5;
				LOCALIZATION_PREFERS_STRING_CATALOGS = YES;
				MTL_ENABLE_DEBUG_INFO = NO;
				MTL_FAST_MATH = YES;
				SDKROOT = iphoneos;
				SWIFT_COMPILATION_MODE = wholemodule;
				VALIDATE_PRODUCT = YES;
			};
			name = Release;
		};
		0197C3912DA837B100B93459 /* Debug */ = {
			isa = XCBuildConfiguration;
			baseConfigurationReference = C3934DEB5D01C1EF16523FE5 /* Pods-Mazaady Task.debug.xcconfig */;
			buildSettings = {
				ASSETCATALOG_COMPILER_APPICON_NAME = AppIcon;
				ASSETCATALOG_COMPILER_GLOBAL_ACCENT_COLOR_NAME = AccentColor;
				CODE_SIGN_STYLE = Automatic;
				CURRENT_PROJECT_VERSION = 1;
				DEVELOPMENT_TEAM = X329TZD97B;
				ENABLE_USER_SCRIPT_SANDBOXING = NO;
				EXCLUDED_ARCHS = "";
				GENERATE_INFOPLIST_FILE = YES;
				INFOPLIST_FILE = "Mazaady Task/Info.plist";
				INFOPLIST_KEY_UIApplicationSupportsIndirectInputEvents = YES;
				INFOPLIST_KEY_UILaunchStoryboardName = LaunchScreen;
				INFOPLIST_KEY_UIMainStoryboardFile = Main;
				INFOPLIST_KEY_UISupportedInterfaceOrientations_iPad = "UIInterfaceOrientationPortrait UIInterfaceOrientationPortraitUpsideDown UIInterfaceOrientationLandscapeLeft UIInterfaceOrientationLandscapeRight";
				INFOPLIST_KEY_UISupportedInterfaceOrientations_iPhone = "UIInterfaceOrientationPortrait UIInterfaceOrientationLandscapeLeft UIInterfaceOrientationLandscapeRight";
				IPHONEOS_DEPLOYMENT_TARGET = 13.0;
				LD_RUNPATH_SEARCH_PATHS = (
					"$(inherited)",
					"@executable_path/Frameworks",
				);
				MARKETING_VERSION = 1.0;
				PRODUCT_BUNDLE_IDENTIFIER = "Com.-Mazaady.task.Mazaady-Task";
				PRODUCT_NAME = "$(TARGET_NAME)";
				SWIFT_EMIT_LOC_STRINGS = YES;
				SWIFT_VERSION = 5.0;
				TARGETED_DEVICE_FAMILY = "1,2";
			};
			name = Debug;
		};
		0197C3922DA837B100B93459 /* Release */ = {
			isa = XCBuildConfiguration;
			baseConfigurationReference = 742E17CD2D9F3F8E4006B84C /* Pods-Mazaady Task.release.xcconfig */;
			buildSettings = {
				ASSETCATALOG_COMPILER_APPICON_NAME = AppIcon;
				ASSETCATALOG_COMPILER_GLOBAL_ACCENT_COLOR_NAME = AccentColor;
				CODE_SIGN_STYLE = Automatic;
				CURRENT_PROJECT_VERSION = 1;
				DEVELOPMENT_TEAM = X329TZD97B;
				ENABLE_USER_SCRIPT_SANDBOXING = NO;
				GENERATE_INFOPLIST_FILE = YES;
				INFOPLIST_FILE = "Mazaady Task/Info.plist";
				INFOPLIST_KEY_UIApplicationSupportsIndirectInputEvents = YES;
				INFOPLIST_KEY_UILaunchStoryboardName = LaunchScreen;
				INFOPLIST_KEY_UIMainStoryboardFile = Main;
				INFOPLIST_KEY_UISupportedInterfaceOrientations_iPad = "UIInterfaceOrientationPortrait UIInterfaceOrientationPortraitUpsideDown UIInterfaceOrientationLandscapeLeft UIInterfaceOrientationLandscapeRight";
				INFOPLIST_KEY_UISupportedInterfaceOrientations_iPhone = "UIInterfaceOrientationPortrait UIInterfaceOrientationLandscapeLeft UIInterfaceOrientationLandscapeRight";
				IPHONEOS_DEPLOYMENT_TARGET = 13.0;
				LD_RUNPATH_SEARCH_PATHS = (
					"$(inherited)",
					"@executable_path/Frameworks",
				);
				MARKETING_VERSION = 1.0;
				PRODUCT_BUNDLE_IDENTIFIER = "Com.-Mazaady.task.Mazaady-Task";
				PRODUCT_NAME = "$(TARGET_NAME)";
				SWIFT_EMIT_LOC_STRINGS = YES;
				SWIFT_VERSION = 5.0;
				TARGETED_DEVICE_FAMILY = "1,2";
			};
			name = Release;
		};
		0197C40A2DAAF5B900B93459 /* Production */ = {
			isa = XCBuildConfiguration;
			baseConfigurationReference = 0197C40F2DAAF6BB00B93459 /* Production.xcconfig */;
			buildSettings = {
				ALWAYS_SEARCH_USER_PATHS = NO;
				ASSETCATALOG_COMPILER_GENERATE_SWIFT_ASSET_SYMBOL_EXTENSIONS = YES;
				CLANG_ANALYZER_NONNULL = YES;
				CLANG_ANALYZER_NUMBER_OBJECT_CONVERSION = YES_AGGRESSIVE;
				CLANG_CXX_LANGUAGE_STANDARD = "gnu++20";
				CLANG_ENABLE_MODULES = YES;
				CLANG_ENABLE_OBJC_ARC = YES;
				CLANG_ENABLE_OBJC_WEAK = YES;
				CLANG_WARN_BLOCK_CAPTURE_AUTORELEASING = YES;
				CLANG_WARN_BOOL_CONVERSION = YES;
				CLANG_WARN_COMMA = YES;
				CLANG_WARN_CONSTANT_CONVERSION = YES;
				CLANG_WARN_DEPRECATED_OBJC_IMPLEMENTATIONS = YES;
				CLANG_WARN_DIRECT_OBJC_ISA_USAGE = YES_ERROR;
				CLANG_WARN_DOCUMENTATION_COMMENTS = YES;
				CLANG_WARN_EMPTY_BODY = YES;
				CLANG_WARN_ENUM_CONVERSION = YES;
				CLANG_WARN_INFINITE_RECURSION = YES;
				CLANG_WARN_INT_CONVERSION = YES;
				CLANG_WARN_NON_LITERAL_NULL_CONVERSION = YES;
				CLANG_WARN_OBJC_IMPLICIT_RETAIN_SELF = YES;
				CLANG_WARN_OBJC_LITERAL_CONVERSION = YES;
				CLANG_WARN_OBJC_ROOT_CLASS = YES_ERROR;
				CLANG_WARN_QUOTED_INCLUDE_IN_FRAMEWORK_HEADER = YES;
				CLANG_WARN_RANGE_LOOP_ANALYSIS = YES;
				CLANG_WARN_STRICT_PROTOTYPES = YES;
				CLANG_WARN_SUSPICIOUS_MOVE = YES;
				CLANG_WARN_UNGUARDED_AVAILABILITY = YES_AGGRESSIVE;
				CLANG_WARN_UNREACHABLE_CODE = YES;
				CLANG_WARN__DUPLICATE_METHOD_MATCH = YES;
				COPY_PHASE_STRIP = NO;
				DEBUG_INFORMATION_FORMAT = "dwarf-with-dsym";
				ENABLE_NS_ASSERTIONS = NO;
				ENABLE_STRICT_OBJC_MSGSEND = YES;
				ENABLE_USER_SCRIPT_SANDBOXING = YES;
				GCC_C_LANGUAGE_STANDARD = gnu17;
				GCC_NO_COMMON_BLOCKS = YES;
				GCC_WARN_64_TO_32_BIT_CONVERSION = YES;
				GCC_WARN_ABOUT_RETURN_TYPE = YES_ERROR;
				GCC_WARN_UNDECLARED_SELECTOR = YES;
				GCC_WARN_UNINITIALIZED_AUTOS = YES_AGGRESSIVE;
				GCC_WARN_UNUSED_FUNCTION = YES;
				GCC_WARN_UNUSED_VARIABLE = YES;
				IPHONEOS_DEPLOYMENT_TARGET = 17.5;
				LOCALIZATION_PREFERS_STRING_CATALOGS = YES;
				MTL_ENABLE_DEBUG_INFO = NO;
				MTL_FAST_MATH = YES;
				SDKROOT = iphoneos;
				SWIFT_COMPILATION_MODE = wholemodule;
				VALIDATE_PRODUCT = YES;
			};
			name = Production;
		};
		0197C40B2DAAF5B900B93459 /* Production */ = {
			isa = XCBuildConfiguration;
			baseConfigurationReference = 9D33E729DA59C778DC28B77D /* Pods-Mazaady Task.production.xcconfig */;
			buildSettings = {
				ASSETCATALOG_COMPILER_APPICON_NAME = AppIcon;
				ASSETCATALOG_COMPILER_GLOBAL_ACCENT_COLOR_NAME = AccentColor;
				CODE_SIGN_STYLE = Automatic;
				CURRENT_PROJECT_VERSION = 1;
				DEVELOPMENT_TEAM = X329TZD97B;
				ENABLE_USER_SCRIPT_SANDBOXING = NO;
				GENERATE_INFOPLIST_FILE = YES;
				INFOPLIST_FILE = "Mazaady Task/Info.plist";
				INFOPLIST_KEY_UIApplicationSupportsIndirectInputEvents = YES;
				INFOPLIST_KEY_UILaunchStoryboardName = LaunchScreen;
				INFOPLIST_KEY_UIMainStoryboardFile = Main;
				INFOPLIST_KEY_UISupportedInterfaceOrientations_iPad = "UIInterfaceOrientationPortrait UIInterfaceOrientationPortraitUpsideDown UIInterfaceOrientationLandscapeLeft UIInterfaceOrientationLandscapeRight";
				INFOPLIST_KEY_UISupportedInterfaceOrientations_iPhone = "UIInterfaceOrientationPortrait UIInterfaceOrientationLandscapeLeft UIInterfaceOrientationLandscapeRight";
				IPHONEOS_DEPLOYMENT_TARGET = 13.0;
				LD_RUNPATH_SEARCH_PATHS = (
					"$(inherited)",
					"@executable_path/Frameworks",
				);
				MARKETING_VERSION = 1.0;
				PRODUCT_BUNDLE_IDENTIFIER = "Com.-Mazaady.task.Mazaady-Task";
				PRODUCT_NAME = "$(TARGET_NAME)";
				SWIFT_EMIT_LOC_STRINGS = YES;
				SWIFT_VERSION = 5.0;
				TARGETED_DEVICE_FAMILY = "1,2";
			};
			name = Production;
		};
		0197C40C2DAAF5C800B93459 /* Development */ = {
			isa = XCBuildConfiguration;
			baseConfigurationReference = 0197C4102DAAF6D200B93459 /* Development.xcconfig */;
			buildSettings = {
				ALWAYS_SEARCH_USER_PATHS = NO;
				ASSETCATALOG_COMPILER_GENERATE_SWIFT_ASSET_SYMBOL_EXTENSIONS = YES;
				CLANG_ANALYZER_NONNULL = YES;
				CLANG_ANALYZER_NUMBER_OBJECT_CONVERSION = YES_AGGRESSIVE;
				CLANG_CXX_LANGUAGE_STANDARD = "gnu++20";
				CLANG_ENABLE_MODULES = YES;
				CLANG_ENABLE_OBJC_ARC = YES;
				CLANG_ENABLE_OBJC_WEAK = YES;
				CLANG_WARN_BLOCK_CAPTURE_AUTORELEASING = YES;
				CLANG_WARN_BOOL_CONVERSION = YES;
				CLANG_WARN_COMMA = YES;
				CLANG_WARN_CONSTANT_CONVERSION = YES;
				CLANG_WARN_DEPRECATED_OBJC_IMPLEMENTATIONS = YES;
				CLANG_WARN_DIRECT_OBJC_ISA_USAGE = YES_ERROR;
				CLANG_WARN_DOCUMENTATION_COMMENTS = YES;
				CLANG_WARN_EMPTY_BODY = YES;
				CLANG_WARN_ENUM_CONVERSION = YES;
				CLANG_WARN_INFINITE_RECURSION = YES;
				CLANG_WARN_INT_CONVERSION = YES;
				CLANG_WARN_NON_LITERAL_NULL_CONVERSION = YES;
				CLANG_WARN_OBJC_IMPLICIT_RETAIN_SELF = YES;
				CLANG_WARN_OBJC_LITERAL_CONVERSION = YES;
				CLANG_WARN_OBJC_ROOT_CLASS = YES_ERROR;
				CLANG_WARN_QUOTED_INCLUDE_IN_FRAMEWORK_HEADER = YES;
				CLANG_WARN_RANGE_LOOP_ANALYSIS = YES;
				CLANG_WARN_STRICT_PROTOTYPES = YES;
				CLANG_WARN_SUSPICIOUS_MOVE = YES;
				CLANG_WARN_UNGUARDED_AVAILABILITY = YES_AGGRESSIVE;
				CLANG_WARN_UNREACHABLE_CODE = YES;
				CLANG_WARN__DUPLICATE_METHOD_MATCH = YES;
				COPY_PHASE_STRIP = NO;
				DEBUG_INFORMATION_FORMAT = dwarf;
				ENABLE_STRICT_OBJC_MSGSEND = YES;
				ENABLE_TESTABILITY = YES;
				ENABLE_USER_SCRIPT_SANDBOXING = YES;
				GCC_C_LANGUAGE_STANDARD = gnu17;
				GCC_DYNAMIC_NO_PIC = NO;
				GCC_NO_COMMON_BLOCKS = YES;
				GCC_OPTIMIZATION_LEVEL = 0;
				GCC_PREPROCESSOR_DEFINITIONS = (
					"DEBUG=1",
					"$(inherited)",
				);
				GCC_WARN_64_TO_32_BIT_CONVERSION = YES;
				GCC_WARN_ABOUT_RETURN_TYPE = YES_ERROR;
				GCC_WARN_UNDECLARED_SELECTOR = YES;
				GCC_WARN_UNINITIALIZED_AUTOS = YES_AGGRESSIVE;
				GCC_WARN_UNUSED_FUNCTION = YES;
				GCC_WARN_UNUSED_VARIABLE = YES;
				IPHONEOS_DEPLOYMENT_TARGET = 17.5;
				LOCALIZATION_PREFERS_STRING_CATALOGS = YES;
				MTL_ENABLE_DEBUG_INFO = INCLUDE_SOURCE;
				MTL_FAST_MATH = YES;
				ONLY_ACTIVE_ARCH = YES;
				SDKROOT = iphoneos;
				SWIFT_ACTIVE_COMPILATION_CONDITIONS = "DEBUG $(inherited)";
				SWIFT_OPTIMIZATION_LEVEL = "-Onone";
			};
			name = Development;
		};
		0197C40D2DAAF5C800B93459 /* Development */ = {
			isa = XCBuildConfiguration;
			baseConfigurationReference = 541DD95369065362DD0E6F7E /* Pods-Mazaady Task.development.xcconfig */;
			buildSettings = {
				ASSETCATALOG_COMPILER_APPICON_NAME = AppIcon;
				ASSETCATALOG_COMPILER_GLOBAL_ACCENT_COLOR_NAME = AccentColor;
				CODE_SIGN_STYLE = Automatic;
				CURRENT_PROJECT_VERSION = 1;
				DEVELOPMENT_TEAM = X329TZD97B;
				ENABLE_USER_SCRIPT_SANDBOXING = NO;
				EXCLUDED_ARCHS = "";
				GENERATE_INFOPLIST_FILE = YES;
				INFOPLIST_FILE = "Mazaady Task/Info.plist";
				INFOPLIST_KEY_UIApplicationSupportsIndirectInputEvents = YES;
				INFOPLIST_KEY_UILaunchStoryboardName = LaunchScreen;
				INFOPLIST_KEY_UIMainStoryboardFile = Main;
				INFOPLIST_KEY_UISupportedInterfaceOrientations_iPad = "UIInterfaceOrientationPortrait UIInterfaceOrientationPortraitUpsideDown UIInterfaceOrientationLandscapeLeft UIInterfaceOrientationLandscapeRight";
				INFOPLIST_KEY_UISupportedInterfaceOrientations_iPhone = "UIInterfaceOrientationPortrait UIInterfaceOrientationLandscapeLeft UIInterfaceOrientationLandscapeRight";
				IPHONEOS_DEPLOYMENT_TARGET = 13.0;
				LD_RUNPATH_SEARCH_PATHS = (
					"$(inherited)",
					"@executable_path/Frameworks",
				);
				MARKETING_VERSION = 1.0;
				PRODUCT_BUNDLE_IDENTIFIER = "Com.-Mazaady.task.Mazaady-Task";
				PRODUCT_NAME = "$(TARGET_NAME)";
				SWIFT_EMIT_LOC_STRINGS = YES;
				SWIFT_VERSION = 5.0;
				TARGETED_DEVICE_FAMILY = "1,2";
			};
			name = Development;
		};
/* End XCBuildConfiguration section */

/* Begin XCConfigurationList section */
		0197C3772DA837AF00B93459 /* Build configuration list for PBXProject "Mazaady Task" */ = {
			isa = XCConfigurationList;
			buildConfigurations = (
				0197C38E2DA837B100B93459 /* Debug */,
				0197C40C2DAAF5C800B93459 /* Development */,
				0197C38F2DA837B100B93459 /* Release */,
				0197C40A2DAAF5B900B93459 /* Production */,
			);
			defaultConfigurationIsVisible = 0;
			defaultConfigurationName = Release;
		};
		0197C3902DA837B100B93459 /* Build configuration list for PBXNativeTarget "Mazaady Task" */ = {
			isa = XCConfigurationList;
			buildConfigurations = (
				0197C3912DA837B100B93459 /* Debug */,
				0197C40D2DAAF5C800B93459 /* Development */,
				0197C3922DA837B100B93459 /* Release */,
				0197C40B2DAAF5B900B93459 /* Production */,
			);
			defaultConfigurationIsVisible = 0;
			defaultConfigurationName = Release;
		};
/* End XCConfigurationList section */
	};
	rootObject = 0197C3742DA837AF00B93459 /* Project object */;
}
